// !$*UTF8*$!
{
	archiveVersion = 1;
	classes = {
	};
	objectVersion = 46;
	objects = {

/* Begin PBXBuildFile section */
		C77AF69B1A5ED86F00BFC99B /* AppDelegate.swift in Sources */ = {isa = PBXBuildFile; fileRef = C77AF69A1A5ED86F00BFC99B /* AppDelegate.swift */; };
		C77AF69D1A5ED86F00BFC99B /* ViewController.swift in Sources */ = {isa = PBXBuildFile; fileRef = C77AF69C1A5ED86F00BFC99B /* ViewController.swift */; };
		C77AF6A01A5ED86F00BFC99B /* Main.storyboard in Resources */ = {isa = PBXBuildFile; fileRef = C77AF69E1A5ED86F00BFC99B /* Main.storyboard */; };
		C77AF6A21A5ED86F00BFC99B /* Images.xcassets in Resources */ = {isa = PBXBuildFile; fileRef = C77AF6A11A5ED86F00BFC99B /* Images.xcassets */; };
		C77AF6A51A5ED86F00BFC99B /* LaunchScreen.xib in Resources */ = {isa = PBXBuildFile; fileRef = C77AF6A31A5ED86F00BFC99B /* LaunchScreen.xib */; };
		C77AF6B11A5ED86F00BFC99B /* LADSideBarMenuTests.swift in Sources */ = {isa = PBXBuildFile; fileRef = C77AF6B01A5ED86F00BFC99B /* LADSideBarMenuTests.swift */; };
/* End PBXBuildFile section */

/* Begin PBXContainerItemProxy section */
		C77AF6AB1A5ED86F00BFC99B /* PBXContainerItemProxy */ = {
			isa = PBXContainerItemProxy;
			containerPortal = C77AF68D1A5ED86F00BFC99B /* Project object */;
			proxyType = 1;
			remoteGlobalIDString = C77AF6941A5ED86F00BFC99B;
			remoteInfo = LADSideBarMenu;
		};
/* End PBXContainerItemProxy section */

/* Begin PBXFileReference section */
		C77AF6951A5ED86F00BFC99B /* LADSideBarMenu.app */ = {isa = PBXFileReference; explicitFileType = wrapper.application; includeInIndex = 0; path = LADSideBarMenu.app; sourceTree = BUILT_PRODUCTS_DIR; };
		C77AF6991A5ED86F00BFC99B /* Info.plist */ = {isa = PBXFileReference; lastKnownFileType = text.plist.xml; path = Info.plist; sourceTree = "<group>"; };
		C77AF69A1A5ED86F00BFC99B /* AppDelegate.swift */ = {isa = PBXFileReference; lastKnownFileType = sourcecode.swift; path = AppDelegate.swift; sourceTree = "<group>"; };
		C77AF69C1A5ED86F00BFC99B /* ViewController.swift */ = {isa = PBXFileReference; lastKnownFileType = sourcecode.swift; path = ViewController.swift; sourceTree = "<group>"; };
		C77AF69F1A5ED86F00BFC99B /* Base */ = {isa = PBXFileReference; lastKnownFileType = file.storyboard; name = Base; path = Base.lproj/Main.storyboard; sourceTree = "<group>"; };
		C77AF6A11A5ED86F00BFC99B /* Images.xcassets */ = {isa = PBXFileReference; lastKnownFileType = folder.assetcatalog; path = Images.xcassets; sourceTree = "<group>"; };
		C77AF6A41A5ED86F00BFC99B /* Base */ = {isa = PBXFileReference; lastKnownFileType = file.xib; name = Base; path = Base.lproj/LaunchScreen.xib; sourceTree = "<group>"; };
		C77AF6AA1A5ED86F00BFC99B /* LADSideBarMenuTests.xctest */ = {isa = PBXFileReference; explicitFileType = wrapper.cfbundle; includeInIndex = 0; path = LADSideBarMenuTests.xctest; sourceTree = BUILT_PRODUCTS_DIR; };
		C77AF6AF1A5ED86F00BFC99B /* Info.plist */ = {isa = PBXFileReference; lastKnownFileType = text.plist.xml; path = Info.plist; sourceTree = "<group>"; };
		C77AF6B01A5ED86F00BFC99B /* LADSideBarMenuTests.swift */ = {isa = PBXFileReference; lastKnownFileType = sourcecode.swift; path = LADSideBarMenuTests.swift; sourceTree = "<group>"; };
/* End PBXFileReference section */

/* Begin PBXFrameworksBuildPhase section */
		C77AF6921A5ED86F00BFC99B /* Frameworks */ = {
			isa = PBXFrameworksBuildPhase;
			buildActionMask = 2147483647;
			files = (
			);
			runOnlyForDeploymentPostprocessing = 0;
		};
		C77AF6A71A5ED86F00BFC99B /* Frameworks */ = {
			isa = PBXFrameworksBuildPhase;
			buildActionMask = 2147483647;
			files = (
			);
			runOnlyForDeploymentPostprocessing = 0;
		};
/* End PBXFrameworksBuildPhase section */

/* Begin PBXGroup section */
		C77AF68C1A5ED86F00BFC99B = {
			isa = PBXGroup;
			children = (
				C77AF6971A5ED86F00BFC99B /* LADSideBarMenu */,
				C77AF6AD1A5ED86F00BFC99B /* LADSideBarMenuTests */,
				C77AF6961A5ED86F00BFC99B /* Products */,
			);
			sourceTree = "<group>";
		};
		C77AF6961A5ED86F00BFC99B /* Products */ = {
			isa = PBXGroup;
			children = (
				C77AF6951A5ED86F00BFC99B /* LADSideBarMenu.app */,
				C77AF6AA1A5ED86F00BFC99B /* LADSideBarMenuTests.xctest */,
			);
			name = Products;
			sourceTree = "<group>";
		};
		C77AF6971A5ED86F00BFC99B /* LADSideBarMenu */ = {
			isa = PBXGroup;
			children = (
				C77AF69A1A5ED86F00BFC99B /* AppDelegate.swift */,
				C77AF69C1A5ED86F00BFC99B /* ViewController.swift */,
				C77AF69E1A5ED86F00BFC99B /* Main.storyboard */,
				C77AF6A11A5ED86F00BFC99B /* Images.xcassets */,
				C77AF6A31A5ED86F00BFC99B /* LaunchScreen.xib */,
				C77AF6981A5ED86F00BFC99B /* Supporting Files */,
			);
			path = LADSideBarMenu;
			sourceTree = "<group>";
		};
		C77AF6981A5ED86F00BFC99B /* Supporting Files */ = {
			isa = PBXGroup;
			children = (
				C77AF6991A5ED86F00BFC99B /* Info.plist */,
			);
			name = "Supporting Files";
			sourceTree = "<group>";
		};
		C77AF6AD1A5ED86F00BFC99B /* LADSideBarMenuTests */ = {
			isa = PBXGroup;
			children = (
				C77AF6B01A5ED86F00BFC99B /* LADSideBarMenuTests.swift */,
				C77AF6AE1A5ED86F00BFC99B /* Supporting Files */,
			);
			path = LADSideBarMenuTests;
			sourceTree = "<group>";
		};
		C77AF6AE1A5ED86F00BFC99B /* Supporting Files */ = {
			isa = PBXGroup;
			children = (
				C77AF6AF1A5ED86F00BFC99B /* Info.plist */,
			);
			name = "Supporting Files";
			sourceTree = "<group>";
		};
/* End PBXGroup section */

/* Begin PBXNativeTarget section */
		C77AF6941A5ED86F00BFC99B /* LADSideBarMenu */ = {
			isa = PBXNativeTarget;
			buildConfigurationList = C77AF6B41A5ED86F00BFC99B /* Build configuration list for PBXNativeTarget "LADSideBarMenu" */;
			buildPhases = (
				C77AF6911A5ED86F00BFC99B /* Sources */,
				C77AF6921A5ED86F00BFC99B /* Frameworks */,
				C77AF6931A5ED86F00BFC99B /* Resources */,
			);
			buildRules = (
			);
			dependencies = (
			);
			name = LADSideBarMenu;
			productName = LADSideBarMenu;
			productReference = C77AF6951A5ED86F00BFC99B /* LADSideBarMenu.app */;
			productType = "com.apple.product-type.application";
		};
		C77AF6A91A5ED86F00BFC99B /* LADSideBarMenuTests */ = {
			isa = PBXNativeTarget;
			buildConfigurationList = C77AF6B71A5ED86F00BFC99B /* Build configuration list for PBXNativeTarget "LADSideBarMenuTests" */;
			buildPhases = (
				C77AF6A61A5ED86F00BFC99B /* Sources */,
				C77AF6A71A5ED86F00BFC99B /* Frameworks */,
				C77AF6A81A5ED86F00BFC99B /* Resources */,
			);
			buildRules = (
			);
			dependencies = (
				C77AF6AC1A5ED86F00BFC99B /* PBXTargetDependency */,
			);
			name = LADSideBarMenuTests;
			productName = LADSideBarMenuTests;
			productReference = C77AF6AA1A5ED86F00BFC99B /* LADSideBarMenuTests.xctest */;
			productType = "com.apple.product-type.bundle.unit-test";
		};
/* End PBXNativeTarget section */

/* Begin PBXProject section */
		C77AF68D1A5ED86F00BFC99B /* Project object */ = {
			isa = PBXProject;
			attributes = {
				LastUpgradeCheck = 0610;
				ORGANIZATIONNAME = "NSS-Soft";
				TargetAttributes = {
					C77AF6941A5ED86F00BFC99B = {
						CreatedOnToolsVersion = 6.1.1;
					};
					C77AF6A91A5ED86F00BFC99B = {
						CreatedOnToolsVersion = 6.1.1;
						TestTargetID = C77AF6941A5ED86F00BFC99B;
					};
				};
			};
			buildConfigurationList = C77AF6901A5ED86F00BFC99B /* Build configuration list for PBXProject "LADSideBarMenu" */;
			compatibilityVersion = "Xcode 3.2";
			developmentRegion = English;
			hasScannedForEncodings = 0;
			knownRegions = (
				en,
				Base,
			);
			mainGroup = C77AF68C1A5ED86F00BFC99B;
			productRefGroup = C77AF6961A5ED86F00BFC99B /* Products */;
			projectDirPath = "";
			projectRoot = "";
			targets = (
				C77AF6941A5ED86F00BFC99B /* LADSideBarMenu */,
				C77AF6A91A5ED86F00BFC99B /* LADSideBarMenuTests */,
			);
		};
/* End PBXProject section */

/* Begin PBXResourcesBuildPhase section */
		C77AF6931A5ED86F00BFC99B /* Resources */ = {
			isa = PBXResourcesBuildPhase;
			buildActionMask = 2147483647;
			files = (
				C77AF6A01A5ED86F00BFC99B /* Main.storyboard in Resources */,
				C77AF6A51A5ED86F00BFC99B /* LaunchScreen.xib in Resources */,
				C77AF6A21A5ED86F00BFC99B /* Images.xcassets in Resources */,
			);
			runOnlyForDeploymentPostprocessing = 0;
		};
		C77AF6A81A5ED86F00BFC99B /* Resources */ = {
			isa = PBXResourcesBuildPhase;
			buildActionMask = 2147483647;
			files = (
			);
			runOnlyForDeploymentPostprocessing = 0;
		};
/* End PBXResourcesBuildPhase section */

/* Begin PBXSourcesBuildPhase section */
		C77AF6911A5ED86F00BFC99B /* Sources */ = {
			isa = PBXSourcesBuildPhase;
			buildActionMask = 2147483647;
			files = (
				C77AF69D1A5ED86F00BFC99B /* ViewController.swift in Sources */,
				C77AF69B1A5ED86F00BFC99B /* AppDelegate.swift in Sources */,
			);
			runOnlyForDeploymentPostprocessing = 0;
		};
		C77AF6A61A5ED86F00BFC99B /* Sources */ = {
			isa = PBXSourcesBuildPhase;
			buildActionMask = 2147483647;
			files = (
				C77AF6B11A5ED86F00BFC99B /* LADSideBarMenuTests.swift in Sources */,
			);
			runOnlyForDeploymentPostprocessing = 0;
		};
/* End PBXSourcesBuildPhase section */

/* Begin PBXTargetDependency section */
		C77AF6AC1A5ED86F00BFC99B /* PBXTargetDependency */ = {
			isa = PBXTargetDependency;
			target = C77AF6941A5ED86F00BFC99B /* LADSideBarMenu */;
			targetProxy = C77AF6AB1A5ED86F00BFC99B /* PBXContainerItemProxy */;
		};
/* End PBXTargetDependency section */

/* Begin PBXVariantGroup section */
		C77AF69E1A5ED86F00BFC99B /* Main.storyboard */ = {
			isa = PBXVariantGroup;
			children = (
				C77AF69F1A5ED86F00BFC99B /* Base */,
			);
			name = Main.storyboard;
			sourceTree = "<group>";
		};
		C77AF6A31A5ED86F00BFC99B /* LaunchScreen.xib */ = {
			isa = PBXVariantGroup;
			children = (
				C77AF6A41A5ED86F00BFC99B /* Base */,
			);
			name = LaunchScreen.xib;
			sourceTree = "<group>";
		};
/* End PBXVariantGroup section */

/* Begin XCBuildConfiguration section */
		C77AF6B21A5ED86F00BFC99B /* Debug */ = {
			isa = XCBuildConfiguration;
			buildSettings = {
				ALWAYS_SEARCH_USER_PATHS = NO;
				CLANG_CXX_LANGUAGE_STANDARD = "gnu++0x";
				CLANG_CXX_LIBRARY = "libc++";
				CLANG_ENABLE_MODULES = YES;
				CLANG_ENABLE_OBJC_ARC = YES;
				CLANG_WARN_BOOL_CONVERSION = YES;
				CLANG_WARN_CONSTANT_CONVERSION = YES;
				CLANG_WARN_DIRECT_OBJC_ISA_USAGE = YES_ERROR;
				CLANG_WARN_EMPTY_BODY = YES;
				CLANG_WARN_ENUM_CONVERSION = YES;
				CLANG_WARN_INT_CONVERSION = YES;
				CLANG_WARN_OBJC_ROOT_CLASS = YES_ERROR;
				CLANG_WARN_UNREACHABLE_CODE = YES;
				CLANG_WARN__DUPLICATE_METHOD_MATCH = YES;
				"CODE_SIGN_IDENTITY[sdk=iphoneos*]" = "iPhone Developer";
				COPY_PHASE_STRIP = NO;
				ENABLE_STRICT_OBJC_MSGSEND = YES;
				GCC_C_LANGUAGE_STANDARD = gnu99;
				GCC_DYNAMIC_NO_PIC = NO;
				GCC_OPTIMIZATION_LEVEL = 0;
				GCC_PREPROCESSOR_DEFINITIONS = (
					"DEBUG=1",
					"$(inherited)",
				);
				GCC_SYMBOLS_PRIVATE_EXTERN = NO;
				GCC_WARN_64_TO_32_BIT_CONVERSION = YES;
				GCC_WARN_ABOUT_RETURN_TYPE = YES_ERROR;
				GCC_WARN_UNDECLARED_SELECTOR = YES;
				GCC_WARN_UNINITIALIZED_AUTOS = YES_AGGRESSIVE;
				GCC_WARN_UNUSED_FUNCTION = YES;
				GCC_WARN_UNUSED_VARIABLE = YES;
				IPHONEOS_DEPLOYMENT_TARGET = 8.1;
				MTL_ENABLE_DEBUG_INFO = YES;
				ONLY_ACTIVE_ARCH = YES;
				SDKROOT = iphoneos;
				SWIFT_OPTIMIZATION_LEVEL = "-Onone";
				TARGETED_DEVICE_FAMILY = "1,2";
			};
			name = Debug;
		};
		C77AF6B31A5ED86F00BFC99B /* Release */ = {
			isa = XCBuildConfiguration;
			buildSettings = {
				ALWAYS_SEARCH_USER_PATHS = NO;
				CLANG_CXX_LANGUAGE_STANDARD = "gnu++0x";
				CLANG_CXX_LIBRARY = "libc++";
				CLANG_ENABLE_MODULES = YES;
				CLANG_ENABLE_OBJC_ARC = YES;
				CLANG_WARN_BOOL_CONVERSION = YES;
				CLANG_WARN_CONSTANT_CONVERSION = YES;
				CLANG_WARN_DIRECT_OBJC_ISA_USAGE = YES_ERROR;
				CLANG_WARN_EMPTY_BODY = YES;
				CLANG_WARN_ENUM_CONVERSION = YES;
				CLANG_WARN_INT_CONVERSION = YES;
				CLANG_WARN_OBJC_ROOT_CLASS = YES_ERROR;
				CLANG_WARN_UNREACHABLE_CODE = YES;
				CLANG_WARN__DUPLICATE_METHOD_MATCH = YES;
				"CODE_SIGN_IDENTITY[sdk=iphoneos*]" = "iPhone Developer";
				COPY_PHASE_STRIP = YES;
				ENABLE_NS_ASSERTIONS = NO;
				ENABLE_STRICT_OBJC_MSGSEND = YES;
				GCC_C_LANGUAGE_STANDARD = gnu99;
				GCC_WARN_64_TO_32_BIT_CONVERSION = YES;
				GCC_WARN_ABOUT_RETURN_TYPE = YES_ERROR;
				GCC_WARN_UNDECLARED_SELECTOR = YES;
				GCC_WARN_UNINITIALIZED_AUTOS = YES_AGGRESSIVE;
				GCC_WARN_UNUSED_FUNCTION = YES;
				GCC_WARN_UNUSED_VARIABLE = YES;
				IPHONEOS_DEPLOYMENT_TARGET = 8.1;
				MTL_ENABLE_DEBUG_INFO = NO;
				SDKROOT = iphoneos;
				TARGETED_DEVICE_FAMILY = "1,2";
				VALIDATE_PRODUCT = YES;
			};
			name = Release;
		};
		C77AF6B51A5ED86F00BFC99B /* Debug */ = {
			isa = XCBuildConfiguration;
			buildSettings = {
				ASSETCATALOG_COMPILER_APPICON_NAME = AppIcon;
				INFOPLIST_FILE = LADSideBarMenu/Info.plist;
				LD_RUNPATH_SEARCH_PATHS = "$(inherited) @executable_path/Frameworks";
				PRODUCT_NAME = "$(TARGET_NAME)";
			};
			name = Debug;
		};
		C77AF6B61A5ED86F00BFC99B /* Release */ = {
			isa = XCBuildConfiguration;
			buildSettings = {
				ASSETCATALOG_COMPILER_APPICON_NAME = AppIcon;
				INFOPLIST_FILE = LADSideBarMenu/Info.plist;
				LD_RUNPATH_SEARCH_PATHS = "$(inherited) @executable_path/Frameworks";
				PRODUCT_NAME = "$(TARGET_NAME)";
			};
			name = Release;
		};
		C77AF6B81A5ED86F00BFC99B /* Debug */ = {
			isa = XCBuildConfiguration;
			buildSettings = {
				BUNDLE_LOADER = "$(TEST_HOST)";
				FRAMEWORK_SEARCH_PATHS = (
					"$(SDKROOT)/Developer/Library/Frameworks",
					"$(inherited)",
				);
				GCC_PREPROCESSOR_DEFINITIONS = (
					"DEBUG=1",
					"$(inherited)",
				);
				INFOPLIST_FILE = LADSideBarMenuTests/Info.plist;
				LD_RUNPATH_SEARCH_PATHS = "$(inherited) @executable_path/Frameworks @loader_path/Frameworks";
				PRODUCT_NAME = "$(TARGET_NAME)";
				TEST_HOST = "$(BUILT_PRODUCTS_DIR)/LADSideBarMenu.app/LADSideBarMenu";
			};
			name = Debug;
		};
		C77AF6B91A5ED86F00BFC99B /* Release */ = {
			isa = XCBuildConfiguration;
			buildSettings = {
				BUNDLE_LOADER = "$(TEST_HOST)";
				FRAMEWORK_SEARCH_PATHS = (
					"$(SDKROOT)/Developer/Library/Frameworks",
					"$(inherited)",
				);
				INFOPLIST_FILE = LADSideBarMenuTests/Info.plist;
				LD_RUNPATH_SEARCH_PATHS = "$(inherited) @executable_path/Frameworks @loader_path/Frameworks";
				PRODUCT_NAME = "$(TARGET_NAME)";
				TEST_HOST = "$(BUILT_PRODUCTS_DIR)/LADSideBarMenu.app/LADSideBarMenu";
			};
			name = Release;
		};
/* End XCBuildConfiguration section */

/* Begin XCConfigurationList section */
		C77AF6901A5ED86F00BFC99B /* Build configuration list for PBXProject "LADSideBarMenu" */ = {
			isa = XCConfigurationList;
			buildConfigurations = (
				C77AF6B21A5ED86F00BFC99B /* Debug */,
				C77AF6B31A5ED86F00BFC99B /* Release */,
			);
			defaultConfigurationIsVisible = 0;
			defaultConfigurationName = Release;
		};
		C77AF6B41A5ED86F00BFC99B /* Build configuration list for PBXNativeTarget "LADSideBarMenu" */ = {
			isa = XCConfigurationList;
			buildConfigurations = (
				C77AF6B51A5ED86F00BFC99B /* Debug */,
				C77AF6B61A5ED86F00BFC99B /* Release */,
			);
			defaultConfigurationIsVisible = 0;
		};
		C77AF6B71A5ED86F00BFC99B /* Build configuration list for PBXNativeTarget "LADSideBarMenuTests" */ = {
			isa = XCConfigurationList;
			buildConfigurations = (
				C77AF6B81A5ED86F00BFC99B /* Debug */,
				C77AF6B91A5ED86F00BFC99B /* Release */,
			);
			defaultConfigurationIsVisible = 0;
		};
/* End XCConfigurationList section */
	};
	rootObject = C77AF68D1A5ED86F00BFC99B /* Project object */;
}
